
Microsoft Visual Studio Solution File, Format Version 12.00
# Visual Studio Version 16
VisualStudioVersion = 16.0.29001.49
MinimumVisualStudioVersion = 10.0.40219.1
Project("{FAE04EC0-301F-11D3-BF4B-00C04F79EFBC}") = "ANDROID_TARPG.Android", "ANDROID_TARPG.Android\ANDROID_TARPG.Android.csproj", "{4B67CC04-8FA3-4837-B212-29511E136A17}"
EndProject
Project("{FAE04EC0-301F-11D3-BF4B-00C04F79EFBC}") = "ANDROID_TARPG", "ANDROID_TARPG\ANDROID_TARPG.csproj", "{384DD481-7F11-474F-94D4-059778B67A2C}"
EndProject
Global
	GlobalSection(SolutionConfigurationPlatforms) = preSolution
		Debug|Any CPU = Debug|Any CPU
		Release|Any CPU = Release|Any CPU
	EndGlobalSection
	GlobalSection(ProjectConfigurationPlatforms) = postSolution
		{4B67CC04-8FA3-4837-B212-29511E136A17}.Debug|Any CPU.ActiveCfg = Debug|Any CPU
		{4B67CC04-8FA3-4837-B212-29511E136A17}.Debug|Any CPU.Build.0 = Debug|Any CPU
		{4B67CC04-8FA3-4837-B212-29511E136A17}.Debug|Any CPU.Deploy.0 = Debug|Any CPU
		{4B67CC04-8FA3-4837-B212-29511E136A17}.Release|Any CPU.ActiveCfg = Release|Any CPU
		{4B67CC04-8FA3-4837-B212-29511E136A17}.Release|Any CPU.Build.0 = Release|Any CPU
		{4B67CC04-8FA3-4837-B212-29511E136A17}.Release|Any CPU.Deploy.0 = Release|Any CPU
		{384DD481-7F11-474F-94D4-059778B67A2C}.Debug|Any CPU.ActiveCfg = Debug|Any CPU
		{384DD481-7F11-474F-94D4-059778B67A2C}.Debug|Any CPU.Build.0 = Debug|Any CPU
		{384DD481-7F11-474F-94D4-059778B67A2C}.Release|Any CPU.ActiveCfg = Release|Any CPU
		{384DD481-7F11-474F-94D4-059778B67A2C}.Release|Any CPU.Build.0 = Release|Any CPU
	EndGlobalSection
	GlobalSection(SolutionProperties) = preSolution
		HideSolutionNode = FALSE
	EndGlobalSection
	GlobalSection(ExtensibilityGlobals) = postSolution
		SolutionGuid = {09BEAA6C-2DD2-476F-AADE-0B5F9BA3CB01}
	EndGlobalSection
EndGlobal
